
Microsoft Visual Studio Solution File, Format Version 12.00
# Visual Studio 15
VisualStudioVersion = 15.0.28010.2036
MinimumVisualStudioVersion = 10.0.40219.1
Project("{FAE04EC0-301F-11D3-BF4B-00C04F79EFBC}") = "kbitsGUI", "kbitsGUI\kbitsGUI.csproj", "{87B37489-15E8-486F-961D-2F885A0F4636}"
EndProject
Global
	GlobalSection(SolutionConfigurationPlatforms) = preSolution
		Debug|Any CPU = Debug|Any CPU
		Release|Any CPU = Release|Any CPU
	EndGlobalSection
	GlobalSection(ProjectConfigurationPlatforms) = postSolution
		{87B37489-15E8-486F-961D-2F885A0F4636}.Debug|Any CPU.ActiveCfg = Debug|Any CPU
		{87B37489-15E8-486F-961D-2F885A0F4636}.Debug|Any CPU.Build.0 = Debug|Any CPU
		{87B37489-15E8-486F-961D-2F885A0F4636}.Release|Any CPU.ActiveCfg = Release|Any CPU
		{87B37489-15E8-486F-961D-2F885A0F4636}.Release|Any CPU.Build.0 = Release|Any CPU
	EndGlobalSection
	GlobalSection(SolutionProperties) = preSolution
		HideSolutionNode = FALSE
	EndGlobalSection
	GlobalSection(ExtensibilityGlobals) = postSolution
		SolutionGuid = {C92DD27F-EB54-4C02-9845-770F4C1C772D}
	EndGlobalSection
EndGlobal
